Microsoft Visual Studio Solution File, Format Version 12.00
# Visual Studio 2012
Project("{FAE04EC0-301F-11D3-BF4B-00C04F79EFBC}") = "Cozy Summer Jam", "Cozy Summer Jam.csproj", "{AD1970E2-0D2E-4234-9F2C-B78919C8680F}"
EndProject
Global
	GlobalSection(SolutionConfigurationPlatforms) = preSolution
	Debug|Any CPU = Debug|Any CPU
	ExportDebug|Any CPU = ExportDebug|Any CPU
	ExportRelease|Any CPU = ExportRelease|Any CPU
	EndGlobalSection
	GlobalSection(ProjectConfigurationPlatforms) = postSolution
		{AD1970E2-0D2E-4234-9F2C-B78919C8680F}.Debug|Any CPU.ActiveCfg = Debug|Any CPU
		{AD1970E2-0D2E-4234-9F2C-B78919C8680F}.Debug|Any CPU.Build.0 = Debug|Any CPU
		{AD1970E2-0D2E-4234-9F2C-B78919C8680F}.ExportDebug|Any CPU.ActiveCfg = ExportDebug|Any CPU
		{AD1970E2-0D2E-4234-9F2C-B78919C8680F}.ExportDebug|Any CPU.Build.0 = ExportDebug|Any CPU
		{AD1970E2-0D2E-4234-9F2C-B78919C8680F}.ExportRelease|Any CPU.ActiveCfg = ExportRelease|Any CPU
		{AD1970E2-0D2E-4234-9F2C-B78919C8680F}.ExportRelease|Any CPU.Build.0 = ExportRelease|Any CPU
	EndGlobalSection
EndGlobal
